<?xml version="1.0" encoding="UTF-8"?>
<Scheme
   LastUpgradeVersion = "2610"
   version = "1.7">
   <BuildAction
      parallelizeBuildables = "YES"
      buildImplicitDependencies = "YES"
      buildArchitectures = "Automatic">
      <BuildActionEntries>
         <BuildActionEntry
            buildForTesting = "YES"
            buildForRunning = "YES"
            buildForProfiling = "YES"
            buildForArchiving = "YES"
            buildForAnalyzing = "YES">
            <BuildableReference
               BuildableIdentifier = "primary"
               BlueprintIdentifier = "E8592F3E2EA3C49000D3AE12"
               BuildableName = "SmartUmpire.app"
               BlueprintName = "SmartUmpire"
               ReferencedContainer = "container:SmartUmpire.xcodeproj">
            </BuildableReference>
         </BuildActionEntry>
      </BuildActionEntries>
   </BuildAction>
   <TestAction
      buildConfiguration = "Debug"
      selectedDebuggerIdentifier = "Xcode.DebuggerFoundation.Debugger.LLDB"
      selectedLauncherIdentifier = "Xcode.DebuggerFoundation.Launcher.LLDB"
      shouldUseLaunchSchemeArgsEnv = "YES"
      shouldAutocreateTestPlan = "YES">
      <Testables>
         <TestableReference
            skipped = "NO"
            parallelizable = "NO">
            <BuildableReference
               BuildableIdentifier = "primary"
               BlueprintIdentifier = "E8592F4B2EA3C49200D3AE12"
               BuildableName = "SmartUmpireTests.xctest"
               BlueprintName = "SmartUmpireTests"
               ReferencedContainer = "container:SmartUmpire.xcodeproj">
            </BuildableReference>
            <SkippedTests>
               <Test
                  Identifier = "AppStateQuickTests">
               </Test>
               <Test
                  Identifier = "AppStateQuickTests/test_adminStats_countsAndAverage()">
               </Test>
               <Test
                  Identifier = "TennisVoiceLogicTests">
               </Test>
               <Test
                  Identifier = "TennisVoiceLogicTests/testDeuceLogic()">
               </Test>
               <Test
                  Identifier = "TennisVoiceLogicTests/testScoreEngine_AddPointToPlayerOne()">
               </Test>
               <Test
                  Identifier = "TennisVoiceLogicTests/testVoiceParsing_FifteenLove()">
               </Test>
               <Test
                  Identifier = "UmpireVoiceIntegrationTests">
               </Test>
               <Test
                  Identifier = "UmpireVoiceIntegrationTests/testVoiceSpokenScoreAndPointFlow()">
               </Test>
            </SkippedTests>
         </TestableReference>
         <TestableReference
            skipped = "YES"
            parallelizable = "YES">
            <BuildableReference
               BuildableIdentifier = "primary"
               BlueprintIdentifier = "E8592F552EA3C49200D3AE12"
               BuildableName = "SmartUmpireUITests.xctest"
               BlueprintName = "SmartUmpireUITests"
               ReferencedContainer = "container:SmartUmpire.xcodeproj">
            </BuildableReference>
         </TestableReference>
      </Testables>
   </TestAction>
   <LaunchAction
      buildConfiguration = "Debug"
      selectedDebuggerIdentifier = "Xcode.DebuggerFoundation.Debugger.LLDB"
      selectedLauncherIdentifier = "Xcode.DebuggerFoundation.Launcher.LLDB"
      launchStyle = "0"
      useCustomWorkingDirectory = "NO"
      ignoresPersistentStateOnLaunch = "NO"
      debugDocumentVersioning = "YES"
      debugServiceExtension = "internal"
      allowLocationSimulation = "YES">
      <BuildableProductRunnable
         runnableDebuggingMode = "0">
         <BuildableReference
            BuildableIdentifier = "primary"
            BlueprintIdentifier = "E8592F3E2EA3C49000D3AE12"
            BuildableName = "SmartUmpire.app"
            BlueprintName = "SmartUmpire"
            ReferencedContainer = "container:SmartUmpire.xcodeproj">
         </BuildableReference>
      </BuildableProductRunnable>
   </LaunchAction>
   <ProfileAction
      buildConfiguration = "Release"
      shouldUseLaunchSchemeArgsEnv = "YES"
      savedToolIdentifier = ""
      useCustomWorkingDirectory = "NO"
      debugDocumentVersioning = "YES">
      <BuildableProductRunnable
         runnableDebuggingMode = "0">
         <BuildableReference
            BuildableIdentifier = "primary"
            BlueprintIdentifier = "E8592F3E2EA3C49000D3AE12"
            BuildableName = "SmartUmpire.app"
            BlueprintName = "SmartUmpire"
            ReferencedContainer = "container:SmartUmpire.xcodeproj">
         </BuildableReference>
      </BuildableProductRunnable>
   </ProfileAction>
   <AnalyzeAction
      buildConfiguration = "Debug">
   </AnalyzeAction>
   <ArchiveAction
      buildConfiguration = "Release"
      revealArchiveInOrganizer = "YES">
   </ArchiveAction>
</Scheme>
